
Microsoft Visual Studio Solution File, Format Version 12.00
# Visual Studio Version 16
VisualStudioVersion = 16.0.31624.102
MinimumVisualStudioVersion = 10.0.40219.1
Project("{FAE04EC0-301F-11D3-BF4B-00C04F79EFBC}") = "Netigent.Utils.FileStoreIO", "Netigent.Utils.FileStoreIO\Netigent.Utils.FileStoreIO.csproj", "{DCF77556-387F-4FD3-A64D-071B9C8617B7}"
EndProject
Global
	GlobalSection(SolutionConfigurationPlatforms) = preSolution
		Debug|Any CPU = Debug|Any CPU
		Release|Any CPU = Release|Any CPU
	EndGlobalSection
	GlobalSection(ProjectConfigurationPlatforms) = postSolution
		{DCF77556-387F-4FD3-A64D-071B9C8617B7}.Debug|Any CPU.ActiveCfg = Debug|Any CPU
		{DCF77556-387F-4FD3-A64D-071B9C8617B7}.Debug|Any CPU.Build.0 = Debug|Any CPU
		{DCF77556-387F-4FD3-A64D-071B9C8617B7}.Release|Any CPU.ActiveCfg = Release|Any CPU
		{DCF77556-387F-4FD3-A64D-071B9C8617B7}.Release|Any CPU.Build.0 = Release|Any CPU
	EndGlobalSection
	GlobalSection(SolutionProperties) = preSolution
		HideSolutionNode = FALSE
	EndGlobalSection
	GlobalSection(ExtensibilityGlobals) = postSolution
		SolutionGuid = {DFE0DEAF-8EB4-4DFC-B518-93F621B5C64F}
	EndGlobalSection
EndGlobal
