
Microsoft Visual Studio Solution File, Format Version 12.00
# Visual Studio Version 17
VisualStudioVersion = 17.3.32929.385
MinimumVisualStudioVersion = 10.0.40219.1
Project("{9A19103F-16F7-4668-BE54-9A1E7A4F7556}") = "Netigent.Utils.FileStoreIO", "Netigent.Utils.FileStoreIO\Netigent.Utils.FileStoreIO.csproj", "{DCF77556-387F-4FD3-A64D-071B9C8617B7}"
EndProject
Project("{9A19103F-16F7-4668-BE54-9A1E7A4F7556}") = "FileStoreIO.Tests", "FileStoreIO.Tests\FileStoreIO.Tests.csproj", "{F8003A1B-3A9A-4BFF-AC29-1F22C1123F50}"
EndProject
Project("{2150E333-8FDC-42A3-9474-1A3956D46DE8}") = "Solution Items", "Solution Items", "{C08CB67F-B062-4E80-BF41-CC1A33EAA13F}"
	ProjectSection(SolutionItems) = preProject
		README.md = README.md
	EndProjectSection
EndProject
Project("{9A19103F-16F7-4668-BE54-9A1E7A4F7556}") = "Netigent.Utils.FileMigration", "Netigent.Utils.FileMigration\Netigent.Utils.FileMigration.csproj", "{3DD8176F-114C-4288-B6B5-AD8E732C94C0}"
EndProject
Global
	GlobalSection(SolutionConfigurationPlatforms) = preSolution
		Debug|Any CPU = Debug|Any CPU
		Release|Any CPU = Release|Any CPU
	EndGlobalSection
	GlobalSection(ProjectConfigurationPlatforms) = postSolution
		{DCF77556-387F-4FD3-A64D-071B9C8617B7}.Debug|Any CPU.ActiveCfg = Debug|Any CPU
		{DCF77556-387F-4FD3-A64D-071B9C8617B7}.Debug|Any CPU.Build.0 = Debug|Any CPU
		{DCF77556-387F-4FD3-A64D-071B9C8617B7}.Release|Any CPU.ActiveCfg = Release|Any CPU
		{DCF77556-387F-4FD3-A64D-071B9C8617B7}.Release|Any CPU.Build.0 = Release|Any CPU
		{F8003A1B-3A9A-4BFF-AC29-1F22C1123F50}.Debug|Any CPU.ActiveCfg = Debug|Any CPU
		{F8003A1B-3A9A-4BFF-AC29-1F22C1123F50}.Release|Any CPU.ActiveCfg = Release|Any CPU
		{3DD8176F-114C-4288-B6B5-AD8E732C94C0}.Debug|Any CPU.ActiveCfg = Debug|Any CPU
		{3DD8176F-114C-4288-B6B5-AD8E732C94C0}.Release|Any CPU.ActiveCfg = Release|Any CPU
	EndGlobalSection
	GlobalSection(SolutionProperties) = preSolution
		HideSolutionNode = FALSE
	EndGlobalSection
	GlobalSection(ExtensibilityGlobals) = postSolution
		SolutionGuid = {DFE0DEAF-8EB4-4DFC-B518-93F621B5C64F}
	EndGlobalSection
EndGlobal
